
Microsoft Visual Studio Solution File, Format Version 12.00
# Visual Studio Version 17
VisualStudioVersion = 17.12.35514.174
MinimumVisualStudioVersion = 10.0.40219.1
Project("{FAE04EC0-301F-11D3-BF4B-00C04F79EFBC}") = "lab4", "lab4\lab4.csproj", "{7B6C0D3E-9152-456D-9154-E49E26A864E3}"
EndProject
Project("{FAE04EC0-301F-11D3-BF4B-00C04F79EFBC}") = "Bai4", "Bai4\Bai4.csproj", "{4006D8B4-7CEF-4C64-8CB9-D62496D17EBF}"
EndProject
Global
	GlobalSection(SolutionConfigurationPlatforms) = preSolution
		Debug|Any CPU = Debug|Any CPU
		Release|Any CPU = Release|Any CPU
	EndGlobalSection
	GlobalSection(ProjectConfigurationPlatforms) = postSolution
		{7B6C0D3E-9152-456D-9154-E49E26A864E3}.Debug|Any CPU.ActiveCfg = Debug|Any CPU
		{7B6C0D3E-9152-456D-9154-E49E26A864E3}.Debug|Any CPU.Build.0 = Debug|Any CPU
		{7B6C0D3E-9152-456D-9154-E49E26A864E3}.Release|Any CPU.ActiveCfg = Release|Any CPU
		{7B6C0D3E-9152-456D-9154-E49E26A864E3}.Release|Any CPU.Build.0 = Release|Any CPU
		{4006D8B4-7CEF-4C64-8CB9-D62496D17EBF}.Debug|Any CPU.ActiveCfg = Debug|Any CPU
		{4006D8B4-7CEF-4C64-8CB9-D62496D17EBF}.Debug|Any CPU.Build.0 = Debug|Any CPU
		{4006D8B4-7CEF-4C64-8CB9-D62496D17EBF}.Release|Any CPU.ActiveCfg = Release|Any CPU
		{4006D8B4-7CEF-4C64-8CB9-D62496D17EBF}.Release|Any CPU.Build.0 = Release|Any CPU
	EndGlobalSection
	GlobalSection(SolutionProperties) = preSolution
		HideSolutionNode = FALSE
	EndGlobalSection
EndGlobal
